
Microsoft Visual Studio Solution File, Format Version 12.00
# Visual Studio Version 17
VisualStudioVersion = 17.1.32421.90
MinimumVisualStudioVersion = 10.0.40219.1
Project("{FAE04EC0-301F-11D3-BF4B-00C04F79EFBC}") = "Template_Project", "Template_Project\Template_Project.csproj", "{C6E1EAE0-C23A-4312-B8FB-6B6BD070AF6D}"
EndProject
Global
	GlobalSection(SolutionConfigurationPlatforms) = preSolution
		Debug|Any CPU = Debug|Any CPU
		Release|Any CPU = Release|Any CPU
	EndGlobalSection
	GlobalSection(ProjectConfigurationPlatforms) = postSolution
		{C6E1EAE0-C23A-4312-B8FB-6B6BD070AF6D}.Debug|Any CPU.ActiveCfg = Debug|Any CPU
		{C6E1EAE0-C23A-4312-B8FB-6B6BD070AF6D}.Debug|Any CPU.Build.0 = Debug|Any CPU
		{C6E1EAE0-C23A-4312-B8FB-6B6BD070AF6D}.Release|Any CPU.ActiveCfg = Release|Any CPU
		{C6E1EAE0-C23A-4312-B8FB-6B6BD070AF6D}.Release|Any CPU.Build.0 = Release|Any CPU
	EndGlobalSection
	GlobalSection(SolutionProperties) = preSolution
		HideSolutionNode = FALSE
	EndGlobalSection
	GlobalSection(ExtensibilityGlobals) = postSolution
		SolutionGuid = {539B42FD-D523-4D84-AFAA-C1B602900A2A}
	EndGlobalSection
EndGlobal
